
Microsoft Visual Studio Solution File, Format Version 12.00
# Visual Studio Version 17
VisualStudioVersion = 17.8.34525.116
MinimumVisualStudioVersion = 10.0.40219.1
Project("{FAE04EC0-301F-11D3-BF4B-00C04F79EFBC}") = "Ecommerce3Ads", "Ecommerce3Ads\Ecommerce3Ads.csproj", "{4542CA85-2EE1-442E-824E-3D73AEDD796B}"
EndProject
Global
	GlobalSection(SolutionConfigurationPlatforms) = preSolution
		Debug|Any CPU = Debug|Any CPU
		Release|Any CPU = Release|Any CPU
	EndGlobalSection
	GlobalSection(ProjectConfigurationPlatforms) = postSolution
		{4542CA85-2EE1-442E-824E-3D73AEDD796B}.Debug|Any CPU.ActiveCfg = Debug|Any CPU
		{4542CA85-2EE1-442E-824E-3D73AEDD796B}.Debug|Any CPU.Build.0 = Debug|Any CPU
		{4542CA85-2EE1-442E-824E-3D73AEDD796B}.Release|Any CPU.ActiveCfg = Release|Any CPU
		{4542CA85-2EE1-442E-824E-3D73AEDD796B}.Release|Any CPU.Build.0 = Release|Any CPU
	EndGlobalSection
	GlobalSection(SolutionProperties) = preSolution
		HideSolutionNode = FALSE
	EndGlobalSection
	GlobalSection(ExtensibilityGlobals) = postSolution
		SolutionGuid = {EF6672B4-7C09-4431-9664-CDA5F411F1CD}
	EndGlobalSection
EndGlobal
